
Microsoft Visual Studio Solution File, Format Version 12.00
# Visual Studio Version 17
VisualStudioVersion = 17.10.35013.160
MinimumVisualStudioVersion = 10.0.40219.1
Project("{888888A0-9F3D-457C-B088-3A5042F75D52}") = "Diabetes Onset Predictor", "Diabetes Onset Predictor.pyproj", "{8006B4D1-E3A9-41B0-B30B-D29378A2D2D8}"
EndProject
Global
	GlobalSection(SolutionConfigurationPlatforms) = preSolution
		Debug|Any CPU = Debug|Any CPU
		Release|Any CPU = Release|Any CPU
	EndGlobalSection
	GlobalSection(ProjectConfigurationPlatforms) = postSolution
		{8006B4D1-E3A9-41B0-B30B-D29378A2D2D8}.Debug|Any CPU.ActiveCfg = Debug|Any CPU
		{8006B4D1-E3A9-41B0-B30B-D29378A2D2D8}.Release|Any CPU.ActiveCfg = Release|Any CPU
	EndGlobalSection
	GlobalSection(SolutionProperties) = preSolution
		HideSolutionNode = FALSE
	EndGlobalSection
	GlobalSection(ExtensibilityGlobals) = postSolution
		SolutionGuid = {56E0BC69-827C-4DC8-ACAD-1049CCFB5398}
	EndGlobalSection
EndGlobal
